{
    "_meta": {
        "hash": {
            "sha256": "9631ba78c1c4aae38710c9fd7b311b242eaa766685cec81c96468afd2e79973a"
        },
        "pipfile-spec": 6,
        "requires": {
            "python_version": "2.7"
        },
        "sources": [
            {
                "name": "pypi",
                "url": "https://pypi.org/simple",
                "verify_ssl": true
            }
        ]
    },
    "default": {
        "certifi": {
            "hashes": [
                "sha256:47f9c83ef4c0c621eaef743f133f09fa8a74a9b75f037e8624f83bd1b6626cb7",
                "sha256:993f830721089fef441cdfeb4b2c8c9df86f0c63239f06bd025a76a7daddb033"
            ],
            "version": "==2018.11.29"
        },
        "chardet": {
            "hashes": [
                "sha256:84ab92ed1c4d4f16916e05906b6b75a6c0fb5db821cc65e70cbd64a3e2a5eaae",
                "sha256:fc323ffcaeaed0e0a02bf4d117757b98aed530d9ed4531e3e15460124c106691"
            ],
            "version": "==3.0.4"
        },
        "e1839a8": {
            "editable": true,
            "path": "."
        },
        "idna": {
            "hashes": [
                "sha256:c357b3f628cf53ae2c4c05627ecc484553142ca23264e593d327bcde5e9c3407",
                "sha256:ea8b7f6188e6fa117537c3df7da9fc686d485087abf6ac197f9c46432f7e4a3c"
            ],
            "version": "==2.8"
        },
        "mopidy": {
            "hashes": [
                "sha256:89d42467d3d43934a7d667f79e564a20865d74e8cd670721eed1347c36cdfd10",
                "sha256:d50ffee1dad5f1d3607af38daffaa1a08166b7071bfc204c1c9ce6b9d23c77c9"
            ],
            "version": "==2.2.1"
        },
        "mopidy-amazonmusic": {
            "editable": true,
            "path": "."
        },
        "pykka": {
            "hashes": [
                "sha256:e847ffeadee49b563426ab803e8eee67264d773e38ca14763fdcda56411e3c11",
                "sha256:f811732aa9e8e027db99f41b1e403251c8e1d26addab0161c925fac232e9334c"
            ],
            "version": "==1.2.1"
        },
        "requests": {
            "hashes": [
                "sha256:502a824f31acdacb3a35b6690b5fbf0bc41d63a24a45c4004352b0242707598e",
                "sha256:7bf2a778576d825600030a110f3c0e3e8edc51dfaafe1c146e39a2027784957b"
            ],
            "version": "==2.21.0"
        },
        "tornado": {
            "hashes": [
                "sha256:5ef073ac6180038ccf99411fe05ae9aafb675952a2c8db60592d5daf8401f803",
                "sha256:6d14e47eab0e15799cf3cdcc86b0b98279da68522caace2bd7ce644287685f0a",
                "sha256:92b7ca81e18ba9ec3031a7ee73d4577ac21d41a0c9b775a9182f43301c3b5f8e",
                "sha256:ab587996fe6fb9ce65abfda440f9b61e4f9f2cf921967723540679176915e4c3",
                "sha256:b36298e9f63f18cad97378db2222c0e0ca6a55f6304e605515e05a25483ed51a"
            ],
            "version": "==4.5.3"
        },
        "urllib3": {
            "hashes": [
                "sha256:61bf29cada3fc2fbefad4fdf059ea4bd1b4a86d2b6d15e1c7c0b582b9752fe39",
                "sha256:de9529817c93f27c8ccbfead6985011db27bd0ddfcdb2d86f3f663385c6a9c22"
            ],
            "version": "==1.24.1"
        }
    },
    "develop": {}
}
